
Microsoft Visual Studio Solution File, Format Version 12.00
# Visual Studio Version 16
VisualStudioVersion = 16.0.30523.141
MinimumVisualStudioVersion = 10.0.40219.1
Project("{FAE04EC0-301F-11D3-BF4B-00C04F79EFBC}") = "JeepersBeepersKE", "JeepersBeepersKE\JeepersBeepersKE.csproj", "{4F38E876-2DE5-47CB-9A75-4C2F777BB346}"
EndProject
Global
	GlobalSection(SolutionConfigurationPlatforms) = preSolution
		Debug|Any CPU = Debug|Any CPU
		Release|Any CPU = Release|Any CPU
	EndGlobalSection
	GlobalSection(ProjectConfigurationPlatforms) = postSolution
		{4F38E876-2DE5-47CB-9A75-4C2F777BB346}.Debug|Any CPU.ActiveCfg = Debug|Any CPU
		{4F38E876-2DE5-47CB-9A75-4C2F777BB346}.Debug|Any CPU.Build.0 = Debug|Any CPU
		{4F38E876-2DE5-47CB-9A75-4C2F777BB346}.Release|Any CPU.ActiveCfg = Release|Any CPU
		{4F38E876-2DE5-47CB-9A75-4C2F777BB346}.Release|Any CPU.Build.0 = Release|Any CPU
	EndGlobalSection
	GlobalSection(SolutionProperties) = preSolution
		HideSolutionNode = FALSE
	EndGlobalSection
	GlobalSection(ExtensibilityGlobals) = postSolution
		SolutionGuid = {B851F637-CE6E-4D7C-92C9-31C29DF3A014}
	EndGlobalSection
EndGlobal
