
Microsoft Visual Studio Solution File, Format Version 12.00
# Visual Studio Version 16
VisualStudioVersion = 16.0.30717.126
MinimumVisualStudioVersion = 10.0.40219.1
Project("{FAE04EC0-301F-11D3-BF4B-00C04F79EFBC}") = "DaisyChainKE", "DaisyChainKE\DaisyChainKE.csproj", "{C9CF9008-0A86-44B4-B408-64443891E245}"
EndProject
Global
	GlobalSection(SolutionConfigurationPlatforms) = preSolution
		Debug|Any CPU = Debug|Any CPU
		Release|Any CPU = Release|Any CPU
	EndGlobalSection
	GlobalSection(ProjectConfigurationPlatforms) = postSolution
		{C9CF9008-0A86-44B4-B408-64443891E245}.Debug|Any CPU.ActiveCfg = Debug|Any CPU
		{C9CF9008-0A86-44B4-B408-64443891E245}.Debug|Any CPU.Build.0 = Debug|Any CPU
		{C9CF9008-0A86-44B4-B408-64443891E245}.Release|Any CPU.ActiveCfg = Release|Any CPU
		{C9CF9008-0A86-44B4-B408-64443891E245}.Release|Any CPU.Build.0 = Release|Any CPU
	EndGlobalSection
	GlobalSection(SolutionProperties) = preSolution
		HideSolutionNode = FALSE
	EndGlobalSection
	GlobalSection(ExtensibilityGlobals) = postSolution
		SolutionGuid = {2F996666-2503-43B9-AA68-CDD615D61426}
	EndGlobalSection
EndGlobal
