
Microsoft Visual Studio Solution File, Format Version 12.00
# Visual Studio Version 16
VisualStudioVersion = 16.0.30503.244
MinimumVisualStudioVersion = 10.0.40219.1
Project("{FAE04EC0-301F-11D3-BF4B-00C04F79EFBC}") = "Contacts", "Contacts\Contacts.csproj", "{9C6E1513-BAA9-4C9F-BC34-6E865D51322B}"
EndProject
Global
	GlobalSection(SolutionConfigurationPlatforms) = preSolution
		Debug|Any CPU = Debug|Any CPU
		Release|Any CPU = Release|Any CPU
	EndGlobalSection
	GlobalSection(ProjectConfigurationPlatforms) = postSolution
		{9C6E1513-BAA9-4C9F-BC34-6E865D51322B}.Debug|Any CPU.ActiveCfg = Debug|Any CPU
		{9C6E1513-BAA9-4C9F-BC34-6E865D51322B}.Debug|Any CPU.Build.0 = Debug|Any CPU
		{9C6E1513-BAA9-4C9F-BC34-6E865D51322B}.Release|Any CPU.ActiveCfg = Release|Any CPU
		{9C6E1513-BAA9-4C9F-BC34-6E865D51322B}.Release|Any CPU.Build.0 = Release|Any CPU
	EndGlobalSection
	GlobalSection(SolutionProperties) = preSolution
		HideSolutionNode = FALSE
	EndGlobalSection
	GlobalSection(ExtensibilityGlobals) = postSolution
		SolutionGuid = {9463D9D1-42FF-48D8-BD0E-3DB299F9CABF}
	EndGlobalSection
EndGlobal
