
Microsoft Visual Studio Solution File, Format Version 12.00
# Visual Studio Version 16
VisualStudioVersion = 16.0.30717.126
MinimumVisualStudioVersion = 10.0.40219.1
Project("{FAE04EC0-301F-11D3-BF4B-00C04F79EFBC}") = "TwoDoListKE", "TwoDoListKE\TwoDoListKE.csproj", "{81DD1B51-5FAB-4B19-91E8-414478AF1309}"
EndProject
Global
	GlobalSection(SolutionConfigurationPlatforms) = preSolution
		Debug|Any CPU = Debug|Any CPU
		Release|Any CPU = Release|Any CPU
	EndGlobalSection
	GlobalSection(ProjectConfigurationPlatforms) = postSolution
		{81DD1B51-5FAB-4B19-91E8-414478AF1309}.Debug|Any CPU.ActiveCfg = Debug|Any CPU
		{81DD1B51-5FAB-4B19-91E8-414478AF1309}.Debug|Any CPU.Build.0 = Debug|Any CPU
		{81DD1B51-5FAB-4B19-91E8-414478AF1309}.Release|Any CPU.ActiveCfg = Release|Any CPU
		{81DD1B51-5FAB-4B19-91E8-414478AF1309}.Release|Any CPU.Build.0 = Release|Any CPU
	EndGlobalSection
	GlobalSection(SolutionProperties) = preSolution
		HideSolutionNode = FALSE
	EndGlobalSection
	GlobalSection(ExtensibilityGlobals) = postSolution
		SolutionGuid = {C946F89C-F654-4DEB-BFC9-5FC93EB7F9A0}
	EndGlobalSection
EndGlobal
