
Microsoft Visual Studio Solution File, Format Version 12.00
# Visual Studio Version 16
VisualStudioVersion = 16.0.30717.126
MinimumVisualStudioVersion = 10.0.40219.1
Project("{FAE04EC0-301F-11D3-BF4B-00C04F79EFBC}") = "TodoListKE", "TodoListKE\TodoListKE.csproj", "{E6BFC10B-CC43-423C-BC13-108A1C0A5CEE}"
EndProject
Global
	GlobalSection(SolutionConfigurationPlatforms) = preSolution
		Debug|Any CPU = Debug|Any CPU
		Release|Any CPU = Release|Any CPU
	EndGlobalSection
	GlobalSection(ProjectConfigurationPlatforms) = postSolution
		{E6BFC10B-CC43-423C-BC13-108A1C0A5CEE}.Debug|Any CPU.ActiveCfg = Debug|Any CPU
		{E6BFC10B-CC43-423C-BC13-108A1C0A5CEE}.Debug|Any CPU.Build.0 = Debug|Any CPU
		{E6BFC10B-CC43-423C-BC13-108A1C0A5CEE}.Release|Any CPU.ActiveCfg = Release|Any CPU
		{E6BFC10B-CC43-423C-BC13-108A1C0A5CEE}.Release|Any CPU.Build.0 = Release|Any CPU
	EndGlobalSection
	GlobalSection(SolutionProperties) = preSolution
		HideSolutionNode = FALSE
	EndGlobalSection
	GlobalSection(ExtensibilityGlobals) = postSolution
		SolutionGuid = {193BFF6C-866D-4067-966A-60B9957741F7}
	EndGlobalSection
EndGlobal
