
Microsoft Visual Studio Solution File, Format Version 12.00
# Visual Studio Version 16
VisualStudioVersion = 16.0.30717.126
MinimumVisualStudioVersion = 10.0.40219.1
Project("{FAE04EC0-301F-11D3-BF4B-00C04F79EFBC}") = "CaesarCipherKE", "CaesarCipherKE\CaesarCipherKE.csproj", "{19B1A21E-79C7-459E-B63C-0AB16781381C}"
EndProject
Global
	GlobalSection(SolutionConfigurationPlatforms) = preSolution
		Debug|Any CPU = Debug|Any CPU
		Release|Any CPU = Release|Any CPU
	EndGlobalSection
	GlobalSection(ProjectConfigurationPlatforms) = postSolution
		{19B1A21E-79C7-459E-B63C-0AB16781381C}.Debug|Any CPU.ActiveCfg = Debug|Any CPU
		{19B1A21E-79C7-459E-B63C-0AB16781381C}.Debug|Any CPU.Build.0 = Debug|Any CPU
		{19B1A21E-79C7-459E-B63C-0AB16781381C}.Release|Any CPU.ActiveCfg = Release|Any CPU
		{19B1A21E-79C7-459E-B63C-0AB16781381C}.Release|Any CPU.Build.0 = Release|Any CPU
	EndGlobalSection
	GlobalSection(SolutionProperties) = preSolution
		HideSolutionNode = FALSE
	EndGlobalSection
	GlobalSection(ExtensibilityGlobals) = postSolution
		SolutionGuid = {259ADE4E-1FC5-497A-A312-899D454B9ED5}
	EndGlobalSection
EndGlobal
