
Microsoft Visual Studio Solution File, Format Version 12.00
# Visual Studio Version 16
VisualStudioVersion = 16.0.30503.244
MinimumVisualStudioVersion = 10.0.40219.1
Project("{FAE04EC0-301F-11D3-BF4B-00C04F79EFBC}") = "GuessMyNumber", "GuessMyNumber\GuessMyNumber.csproj", "{EAD16315-9440-4124-9351-04A1BF0AA8F3}"
EndProject
Global
	GlobalSection(SolutionConfigurationPlatforms) = preSolution
		Debug|Any CPU = Debug|Any CPU
		Release|Any CPU = Release|Any CPU
	EndGlobalSection
	GlobalSection(ProjectConfigurationPlatforms) = postSolution
		{EAD16315-9440-4124-9351-04A1BF0AA8F3}.Debug|Any CPU.ActiveCfg = Debug|Any CPU
		{EAD16315-9440-4124-9351-04A1BF0AA8F3}.Debug|Any CPU.Build.0 = Debug|Any CPU
		{EAD16315-9440-4124-9351-04A1BF0AA8F3}.Release|Any CPU.ActiveCfg = Release|Any CPU
		{EAD16315-9440-4124-9351-04A1BF0AA8F3}.Release|Any CPU.Build.0 = Release|Any CPU
	EndGlobalSection
	GlobalSection(SolutionProperties) = preSolution
		HideSolutionNode = FALSE
	EndGlobalSection
	GlobalSection(ExtensibilityGlobals) = postSolution
		SolutionGuid = {54B26AC2-875F-4083-A28B-11565A007E0C}
	EndGlobalSection
EndGlobal
